
Microsoft Visual Studio Solution File, Format Version 12.00
# Visual Studio Version 16
VisualStudioVersion = 16.0.29709.97
MinimumVisualStudioVersion = 10.0.40219.1
Project("{FAE04EC0-301F-11D3-BF4B-00C04F79EFBC}") = "Day_11 uzd masivu kopesana", "Day_11 uzd masivu kopesana\Day_11 uzd masivu kopesana.csproj", "{D1E4343A-C3BC-4212-8678-3A1776E24E14}"
EndProject
Global
	GlobalSection(SolutionConfigurationPlatforms) = preSolution
		Debug|Any CPU = Debug|Any CPU
		Release|Any CPU = Release|Any CPU
	EndGlobalSection
	GlobalSection(ProjectConfigurationPlatforms) = postSolution
		{D1E4343A-C3BC-4212-8678-3A1776E24E14}.Debug|Any CPU.ActiveCfg = Debug|Any CPU
		{D1E4343A-C3BC-4212-8678-3A1776E24E14}.Debug|Any CPU.Build.0 = Debug|Any CPU
		{D1E4343A-C3BC-4212-8678-3A1776E24E14}.Release|Any CPU.ActiveCfg = Release|Any CPU
		{D1E4343A-C3BC-4212-8678-3A1776E24E14}.Release|Any CPU.Build.0 = Release|Any CPU
	EndGlobalSection
	GlobalSection(SolutionProperties) = preSolution
		HideSolutionNode = FALSE
	EndGlobalSection
	GlobalSection(ExtensibilityGlobals) = postSolution
		SolutionGuid = {69F57F71-A9D6-49D7-A092-97122E1450FB}
	EndGlobalSection
EndGlobal
