
Microsoft Visual Studio Solution File, Format Version 12.00
# Visual Studio Version 16
VisualStudioVersion = 16.0.29709.97
MinimumVisualStudioVersion = 10.0.40219.1
Project("{FAE04EC0-301F-11D3-BF4B-00C04F79EFBC}") = "Day2_dataTypes", "Day2_dataTypes\Day2_dataTypes.csproj", "{6200A1E3-C322-4B4B-833E-034F7F013C12}"
EndProject
Global
	GlobalSection(SolutionConfigurationPlatforms) = preSolution
		Debug|Any CPU = Debug|Any CPU
		Release|Any CPU = Release|Any CPU
	EndGlobalSection
	GlobalSection(ProjectConfigurationPlatforms) = postSolution
		{6200A1E3-C322-4B4B-833E-034F7F013C12}.Debug|Any CPU.ActiveCfg = Debug|Any CPU
		{6200A1E3-C322-4B4B-833E-034F7F013C12}.Debug|Any CPU.Build.0 = Debug|Any CPU
		{6200A1E3-C322-4B4B-833E-034F7F013C12}.Release|Any CPU.ActiveCfg = Release|Any CPU
		{6200A1E3-C322-4B4B-833E-034F7F013C12}.Release|Any CPU.Build.0 = Release|Any CPU
	EndGlobalSection
	GlobalSection(SolutionProperties) = preSolution
		HideSolutionNode = FALSE
	EndGlobalSection
	GlobalSection(ExtensibilityGlobals) = postSolution
		SolutionGuid = {9BCD070C-4C7B-4284-AD7D-55803888E7D3}
	EndGlobalSection
EndGlobal
