
Microsoft Visual Studio Solution File, Format Version 12.00
# Visual Studio Version 16
VisualStudioVersion = 16.0.29709.97
MinimumVisualStudioVersion = 10.0.40219.1
Project("{FAE04EC0-301F-11D3-BF4B-00C04F79EFBC}") = "Day15 ListRepeat", "Day15 ListRepeat\Day15 ListRepeat.csproj", "{C218365E-17E9-4FB9-8C1A-DEDE67F57EE4}"
EndProject
Global
	GlobalSection(SolutionConfigurationPlatforms) = preSolution
		Debug|Any CPU = Debug|Any CPU
		Release|Any CPU = Release|Any CPU
	EndGlobalSection
	GlobalSection(ProjectConfigurationPlatforms) = postSolution
		{C218365E-17E9-4FB9-8C1A-DEDE67F57EE4}.Debug|Any CPU.ActiveCfg = Debug|Any CPU
		{C218365E-17E9-4FB9-8C1A-DEDE67F57EE4}.Debug|Any CPU.Build.0 = Debug|Any CPU
		{C218365E-17E9-4FB9-8C1A-DEDE67F57EE4}.Release|Any CPU.ActiveCfg = Release|Any CPU
		{C218365E-17E9-4FB9-8C1A-DEDE67F57EE4}.Release|Any CPU.Build.0 = Release|Any CPU
	EndGlobalSection
	GlobalSection(SolutionProperties) = preSolution
		HideSolutionNode = FALSE
	EndGlobalSection
	GlobalSection(ExtensibilityGlobals) = postSolution
		SolutionGuid = {613294EA-6BA1-47A5-8EE3-B25F1CA00D94}
	EndGlobalSection
EndGlobal
