
Microsoft Visual Studio Solution File, Format Version 12.00
# Visual Studio Version 16
VisualStudioVersion = 16.0.29911.84
MinimumVisualStudioVersion = 10.0.40219.1
Project("{FAE04EC0-301F-11D3-BF4B-00C04F79EFBC}") = "Kalkulators_MD_1", "Kalkulators_MD_1\Kalkulators_MD_1.csproj", "{ED17741D-8123-4750-B1B8-A40BDEADA622}"
EndProject
Global
	GlobalSection(SolutionConfigurationPlatforms) = preSolution
		Debug|Any CPU = Debug|Any CPU
		Release|Any CPU = Release|Any CPU
	EndGlobalSection
	GlobalSection(ProjectConfigurationPlatforms) = postSolution
		{ED17741D-8123-4750-B1B8-A40BDEADA622}.Debug|Any CPU.ActiveCfg = Debug|Any CPU
		{ED17741D-8123-4750-B1B8-A40BDEADA622}.Debug|Any CPU.Build.0 = Debug|Any CPU
		{ED17741D-8123-4750-B1B8-A40BDEADA622}.Release|Any CPU.ActiveCfg = Release|Any CPU
		{ED17741D-8123-4750-B1B8-A40BDEADA622}.Release|Any CPU.Build.0 = Release|Any CPU
	EndGlobalSection
	GlobalSection(SolutionProperties) = preSolution
		HideSolutionNode = FALSE
	EndGlobalSection
	GlobalSection(ExtensibilityGlobals) = postSolution
		SolutionGuid = {EBFFCADF-BB28-486F-AFF4-9D7937D27E07}
	EndGlobalSection
EndGlobal
