
Microsoft Visual Studio Solution File, Format Version 12.00
# Visual Studio Version 16
VisualStudioVersion = 16.0.29709.97
MinimumVisualStudioVersion = 10.0.40219.1
Project("{FAE04EC0-301F-11D3-BF4B-00C04F79EFBC}") = "DAY 6", "DAY 6\DAY 6.csproj", "{18714EA6-764E-4050-B59F-2E9DDE95C13B}"
EndProject
Global
	GlobalSection(SolutionConfigurationPlatforms) = preSolution
		Debug|Any CPU = Debug|Any CPU
		Release|Any CPU = Release|Any CPU
	EndGlobalSection
	GlobalSection(ProjectConfigurationPlatforms) = postSolution
		{18714EA6-764E-4050-B59F-2E9DDE95C13B}.Debug|Any CPU.ActiveCfg = Debug|Any CPU
		{18714EA6-764E-4050-B59F-2E9DDE95C13B}.Debug|Any CPU.Build.0 = Debug|Any CPU
		{18714EA6-764E-4050-B59F-2E9DDE95C13B}.Release|Any CPU.ActiveCfg = Release|Any CPU
		{18714EA6-764E-4050-B59F-2E9DDE95C13B}.Release|Any CPU.Build.0 = Release|Any CPU
	EndGlobalSection
	GlobalSection(SolutionProperties) = preSolution
		HideSolutionNode = FALSE
	EndGlobalSection
	GlobalSection(ExtensibilityGlobals) = postSolution
		SolutionGuid = {8AD707E7-38B8-4769-B49B-3C263371A918}
	EndGlobalSection
EndGlobal
