
Microsoft Visual Studio Solution File, Format Version 12.00
# Visual Studio Version 16
VisualStudioVersion = 16.0.29911.84
MinimumVisualStudioVersion = 10.0.40219.1
Project("{FAE04EC0-301F-11D3-BF4B-00C04F79EFBC}") = "Day_18 FailaLasisana", "Day_18 FailaLasisana\Day_18 FailaLasisana.csproj", "{24034727-7C4A-41BF-9915-312ACB91138C}"
EndProject
Global
	GlobalSection(SolutionConfigurationPlatforms) = preSolution
		Debug|Any CPU = Debug|Any CPU
		Release|Any CPU = Release|Any CPU
	EndGlobalSection
	GlobalSection(ProjectConfigurationPlatforms) = postSolution
		{24034727-7C4A-41BF-9915-312ACB91138C}.Debug|Any CPU.ActiveCfg = Debug|Any CPU
		{24034727-7C4A-41BF-9915-312ACB91138C}.Debug|Any CPU.Build.0 = Debug|Any CPU
		{24034727-7C4A-41BF-9915-312ACB91138C}.Release|Any CPU.ActiveCfg = Release|Any CPU
		{24034727-7C4A-41BF-9915-312ACB91138C}.Release|Any CPU.Build.0 = Release|Any CPU
	EndGlobalSection
	GlobalSection(SolutionProperties) = preSolution
		HideSolutionNode = FALSE
	EndGlobalSection
	GlobalSection(ExtensibilityGlobals) = postSolution
		SolutionGuid = {A5597908-6102-407F-8789-04F061CFA8A8}
	EndGlobalSection
EndGlobal
