
Microsoft Visual Studio Solution File, Format Version 12.00
# Visual Studio Version 16
VisualStudioVersion = 16.0.29709.97
MinimumVisualStudioVersion = 10.0.40219.1
Project("{FAE04EC0-301F-11D3-BF4B-00C04F79EFBC}") = "Day1_basics", "Day1_basics\Day1_basics.csproj", "{1639F5E1-317E-49F5-AD96-9EDFC6CA23CE}"
EndProject
Global
	GlobalSection(SolutionConfigurationPlatforms) = preSolution
		Debug|Any CPU = Debug|Any CPU
		Release|Any CPU = Release|Any CPU
	EndGlobalSection
	GlobalSection(ProjectConfigurationPlatforms) = postSolution
		{1639F5E1-317E-49F5-AD96-9EDFC6CA23CE}.Debug|Any CPU.ActiveCfg = Debug|Any CPU
		{1639F5E1-317E-49F5-AD96-9EDFC6CA23CE}.Debug|Any CPU.Build.0 = Debug|Any CPU
		{1639F5E1-317E-49F5-AD96-9EDFC6CA23CE}.Release|Any CPU.ActiveCfg = Release|Any CPU
		{1639F5E1-317E-49F5-AD96-9EDFC6CA23CE}.Release|Any CPU.Build.0 = Release|Any CPU
	EndGlobalSection
	GlobalSection(SolutionProperties) = preSolution
		HideSolutionNode = FALSE
	EndGlobalSection
	GlobalSection(ExtensibilityGlobals) = postSolution
		SolutionGuid = {452E3D60-1F08-43F7-9EA5-849C965F18C6}
	EndGlobalSection
EndGlobal
